
Microsoft Visual Studio Solution File, Format Version 12.00
# Visual Studio Version 17
VisualStudioVersion = 17.10.35122.118
MinimumVisualStudioVersion = 10.0.40219.1
Project("{FAE04EC0-301F-11D3-BF4B-00C04F79EFBC}") = "Assignment_3", "Assignment_3\Assignment_3.csproj", "{F5613B4A-2EE7-48B3-BF3B-9B566E5F83D9}"
EndProject
Global
	GlobalSection(SolutionConfigurationPlatforms) = preSolution
		Debug|Any CPU = Debug|Any CPU
		Release|Any CPU = Release|Any CPU
	EndGlobalSection
	GlobalSection(ProjectConfigurationPlatforms) = postSolution
		{F5613B4A-2EE7-48B3-BF3B-9B566E5F83D9}.Debug|Any CPU.ActiveCfg = Debug|Any CPU
		{F5613B4A-2EE7-48B3-BF3B-9B566E5F83D9}.Debug|Any CPU.Build.0 = Debug|Any CPU
		{F5613B4A-2EE7-48B3-BF3B-9B566E5F83D9}.Release|Any CPU.ActiveCfg = Release|Any CPU
		{F5613B4A-2EE7-48B3-BF3B-9B566E5F83D9}.Release|Any CPU.Build.0 = Release|Any CPU
	EndGlobalSection
	GlobalSection(SolutionProperties) = preSolution
		HideSolutionNode = FALSE
	EndGlobalSection
	GlobalSection(ExtensibilityGlobals) = postSolution
		SolutionGuid = {32261CE5-2786-46D0-A814-FC46DAD05051}
	EndGlobalSection
EndGlobal
